// !$*UTF8*$!
{
	archiveVersion = 1;
	classes = {
	};
	objectVersion = 56;
	objects = {

/* Begin PBXBuildFile section */
		62EA66622A56DB9100226045 /* SwiftUIMapAppApp.swift in Sources */ = {isa = PBXBuildFile; fileRef = 62EA66612A56DB9100226045 /* SwiftUIMapAppApp.swift */; };
		62EA66642A56DB9100226045 /* ContentView.swift in Sources */ = {isa = PBXBuildFile; fileRef = 62EA66632A56DB9100226045 /* ContentView.swift */; };
		62EA66692A56DB9200226045 /* Preview Assets.xcassets in Resources */ = {isa = PBXBuildFile; fileRef = 62EA66682A56DB9200226045 /* Preview Assets.xcassets */; };
		62EA66702A56DD5000226045 /* Assets.xcassets in Resources */ = {isa = PBXBuildFile; fileRef = 62EA666F2A56DD5000226045 /* Assets.xcassets */; };
		62EA66752A56DE6C00226045 /* Location.swift in Sources */ = {isa = PBXBuildFile; fileRef = 62EA66742A56DE6C00226045 /* Location.swift */; };
		62EA66782A56E8A700226045 /* LocationsDataService.swift in Sources */ = {isa = PBXBuildFile; fileRef = 62EA66772A56E8A700226045 /* LocationsDataService.swift */; };
		62EA667A2A56EA8F00226045 /* LocationsView.swift in Sources */ = {isa = PBXBuildFile; fileRef = 62EA66792A56EA8F00226045 /* LocationsView.swift */; };
		62EA667C2A56F0D300226045 /* LocationsViewModel.swift in Sources */ = {isa = PBXBuildFile; fileRef = 62EA667B2A56F0D300226045 /* LocationsViewModel.swift */; };
/* End PBXBuildFile section */

/* Begin PBXFileReference section */
		62EA665E2A56DB9100226045 /* SwiftUIMapApp.app */ = {isa = PBXFileReference; explicitFileType = wrapper.application; includeInIndex = 0; path = SwiftUIMapApp.app; sourceTree = BUILT_PRODUCTS_DIR; };
		62EA66612A56DB9100226045 /* SwiftUIMapAppApp.swift */ = {isa = PBXFileReference; lastKnownFileType = sourcecode.swift; path = SwiftUIMapAppApp.swift; sourceTree = "<group>"; };
		62EA66632A56DB9100226045 /* ContentView.swift */ = {isa = PBXFileReference; lastKnownFileType = sourcecode.swift; path = ContentView.swift; sourceTree = "<group>"; };
		62EA66682A56DB9200226045 /* Preview Assets.xcassets */ = {isa = PBXFileReference; lastKnownFileType = folder.assetcatalog; path = "Preview Assets.xcassets"; sourceTree = "<group>"; };
		62EA666F2A56DD5000226045 /* Assets.xcassets */ = {isa = PBXFileReference; lastKnownFileType = folder.assetcatalog; path = Assets.xcassets; sourceTree = "<group>"; };
		62EA66742A56DE6C00226045 /* Location.swift */ = {isa = PBXFileReference; lastKnownFileType = sourcecode.swift; path = Location.swift; sourceTree = "<group>"; };
		62EA66772A56E8A700226045 /* LocationsDataService.swift */ = {isa = PBXFileReference; fileEncoding = 4; lastKnownFileType = sourcecode.swift; path = LocationsDataService.swift; sourceTree = "<group>"; };
		62EA66792A56EA8F00226045 /* LocationsView.swift */ = {isa = PBXFileReference; lastKnownFileType = sourcecode.swift; path = LocationsView.swift; sourceTree = "<group>"; };
		62EA667B2A56F0D300226045 /* LocationsViewModel.swift */ = {isa = PBXFileReference; lastKnownFileType = sourcecode.swift; path = LocationsViewModel.swift; sourceTree = "<group>"; };
/* End PBXFileReference section */

/* Begin PBXFrameworksBuildPhase section */
		62EA665B2A56DB9100226045 /* Frameworks */ = {
			isa = PBXFrameworksBuildPhase;
			buildActionMask = 2147483647;
			files = (
			);
			runOnlyForDeploymentPostprocessing = 0;
		};
/* End PBXFrameworksBuildPhase section */

/* Begin PBXGroup section */
		62EA66552A56DB9100226045 = {
			isa = PBXGroup;
			children = (
				62EA66602A56DB9100226045 /* SwiftUIMapApp */,
				62EA665F2A56DB9100226045 /* Products */,
			);
			sourceTree = "<group>";
		};
		62EA665F2A56DB9100226045 /* Products */ = {
			isa = PBXGroup;
			children = (
				62EA665E2A56DB9100226045 /* SwiftUIMapApp.app */,
			);
			name = Products;
			sourceTree = "<group>";
		};
		62EA66602A56DB9100226045 /* SwiftUIMapApp */ = {
			isa = PBXGroup;
			children = (
				62EA66612A56DB9100226045 /* SwiftUIMapAppApp.swift */,
				62EA66632A56DB9100226045 /* ContentView.swift */,
				62EA66762A56E86800226045 /* DataServices */,
				62EA66722A56DE2400226045 /* Views */,
				62EA66732A56DE3500226045 /* ViewModels */,
				62EA66712A56DE0C00226045 /* Models */,
				62EA666F2A56DD5000226045 /* Assets.xcassets */,
				62EA66672A56DB9200226045 /* Preview Content */,
			);
			path = SwiftUIMapApp;
			sourceTree = "<group>";
		};
		62EA66672A56DB9200226045 /* Preview Content */ = {
			isa = PBXGroup;
			children = (
				62EA66682A56DB9200226045 /* Preview Assets.xcassets */,
			);
			path = "Preview Content";
			sourceTree = "<group>";
		};
		62EA66712A56DE0C00226045 /* Models */ = {
			isa = PBXGroup;
			children = (
				62EA66742A56DE6C00226045 /* Location.swift */,
			);
			path = Models;
			sourceTree = "<group>";
		};
		62EA66722A56DE2400226045 /* Views */ = {
			isa = PBXGroup;
			children = (
				62EA66792A56EA8F00226045 /* LocationsView.swift */,
			);
			path = Views;
			sourceTree = "<group>";
		};
		62EA66732A56DE3500226045 /* ViewModels */ = {
			isa = PBXGroup;
			children = (
				62EA667B2A56F0D300226045 /* LocationsViewModel.swift */,
			);
			path = ViewModels;
			sourceTree = "<group>";
		};
		62EA66762A56E86800226045 /* DataServices */ = {
			isa = PBXGroup;
			children = (
				62EA66772A56E8A700226045 /* LocationsDataService.swift */,
			);
			path = DataServices;
			sourceTree = "<group>";
		};
/* End PBXGroup section */

/* Begin PBXNativeTarget section */
		62EA665D2A56DB9100226045 /* SwiftUIMapApp */ = {
			isa = PBXNativeTarget;
			buildConfigurationList = 62EA666C2A56DB9200226045 /* Build configuration list for PBXNativeTarget "SwiftUIMapApp" */;
			buildPhases = (
				62EA665A2A56DB9100226045 /* Sources */,
				62EA665B2A56DB9100226045 /* Frameworks */,
				62EA665C2A56DB9100226045 /* Resources */,
			);
			buildRules = (
			);
			dependencies = (
			);
			name = SwiftUIMapApp;
			productName = SwiftUIMapApp;
			productReference = 62EA665E2A56DB9100226045 /* SwiftUIMapApp.app */;
			productType = "com.apple.product-type.application";
		};
/* End PBXNativeTarget section */

/* Begin PBXProject section */
		62EA66562A56DB9100226045 /* Project object */ = {
			isa = PBXProject;
			attributes = {
				BuildIndependentTargetsInParallel = 1;
				LastSwiftUpdateCheck = 1420;
				LastUpgradeCheck = 1420;
				TargetAttributes = {
					62EA665D2A56DB9100226045 = {
						CreatedOnToolsVersion = 14.2;
					};
				};
			};
			buildConfigurationList = 62EA66592A56DB9100226045 /* Build configuration list for PBXProject "SwiftUIMapApp" */;
			compatibilityVersion = "Xcode 14.0";
			developmentRegion = en;
			hasScannedForEncodings = 0;
			knownRegions = (
				en,
				Base,
			);
			mainGroup = 62EA66552A56DB9100226045;
			productRefGroup = 62EA665F2A56DB9100226045 /* Products */;
			projectDirPath = "";
			projectRoot = "";
			targets = (
				62EA665D2A56DB9100226045 /* SwiftUIMapApp */,
			);
		};
/* End PBXProject section */

/* Begin PBXResourcesBuildPhase section */
		62EA665C2A56DB9100226045 /* Resources */ = {
			isa = PBXResourcesBuildPhase;
			buildActionMask = 2147483647;
			files = (
				62EA66702A56DD5000226045 /* Assets.xcassets in Resources */,
				62EA66692A56DB9200226045 /* Preview Assets.xcassets in Resources */,
			);
			runOnlyForDeploymentPostprocessing = 0;
		};
/* End PBXResourcesBuildPhase section */

/* Begin PBXSourcesBuildPhase section */
		62EA665A2A56DB9100226045 /* Sources */ = {
			isa = PBXSourcesBuildPhase;
			buildActionMask = 2147483647;
			files = (
				62EA66782A56E8A700226045 /* LocationsDataService.swift in Sources */,
				62EA667C2A56F0D300226045 /* LocationsViewModel.swift in Sources */,
				62EA66642A56DB9100226045 /* ContentView.swift in Sources */,
				62EA667A2A56EA8F00226045 /* LocationsView.swift in Sources */,
				62EA66752A56DE6C00226045 /* Location.swift in Sources */,
				62EA66622A56DB9100226045 /* SwiftUIMapAppApp.swift in Sources */,
			);
			runOnlyForDeploymentPostprocessing = 0;
		};
/* End PBXSourcesBuildPhase section */

/* Begin XCBuildConfiguration section */
		62EA666A2A56DB9200226045 /* Debug */ = {
			isa = XCBuildConfiguration;
			buildSettings = {
				ALWAYS_SEARCH_USER_PATHS = NO;
				CLANG_ANALYZER_NONNULL = YES;
				CLANG_ANALYZER_NUMBER_OBJECT_CONVERSION = YES_AGGRESSIVE;
				CLANG_CXX_LANGUAGE_STANDARD = "gnu++20";
				CLANG_ENABLE_MODULES = YES;
				CLANG_ENABLE_OBJC_ARC = YES;
				CLANG_ENABLE_OBJC_WEAK = YES;
				CLANG_WARN_BLOCK_CAPTURE_AUTORELEASING = YES;
				CLANG_WARN_BOOL_CONVERSION = YES;
				CLANG_WARN_COMMA = YES;
				CLANG_WARN_CONSTANT_CONVERSION = YES;
				CLANG_WARN_DEPRECATED_OBJC_IMPLEMENTATIONS = YES;
				CLANG_WARN_DIRECT_OBJC_ISA_USAGE = YES_ERROR;
				CLANG_WARN_DOCUMENTATION_COMMENTS = YES;
				CLANG_WARN_EMPTY_BODY = YES;
				CLANG_WARN_ENUM_CONVERSION = YES;
				CLANG_WARN_INFINITE_RECURSION = YES;
				CLANG_WARN_INT_CONVERSION = YES;
				CLANG_WARN_NON_LITERAL_NULL_CONVERSION = YES;
				CLANG_WARN_OBJC_IMPLICIT_RETAIN_SELF = YES;
				CLANG_WARN_OBJC_LITERAL_CONVERSION = YES;
				CLANG_WARN_OBJC_ROOT_CLASS = YES_ERROR;
				CLANG_WARN_QUOTED_INCLUDE_IN_FRAMEWORK_HEADER = YES;
				CLANG_WARN_RANGE_LOOP_ANALYSIS = YES;
				CLANG_WARN_STRICT_PROTOTYPES = YES;
				CLANG_WARN_SUSPICIOUS_MOVE = YES;
				CLANG_WARN_UNGUARDED_AVAILABILITY = YES_AGGRESSIVE;
				CLANG_WARN_UNREACHABLE_CODE = YES;
				CLANG_WARN__DUPLICATE_METHOD_MATCH = YES;
				COPY_PHASE_STRIP = NO;
				DEBUG_INFORMATION_FORMAT = dwarf;
				ENABLE_STRICT_OBJC_MSGSEND = YES;
				ENABLE_TESTABILITY = YES;
				GCC_C_LANGUAGE_STANDARD = gnu11;
				GCC_DYNAMIC_NO_PIC = NO;
				GCC_NO_COMMON_BLOCKS = YES;
				GCC_OPTIMIZATION_LEVEL = 0;
				GCC_PREPROCESSOR_DEFINITIONS = (
					"DEBUG=1",
					"$(inherited)",
				);
				GCC_WARN_64_TO_32_BIT_CONVERSION = YES;
				GCC_WARN_ABOUT_RETURN_TYPE = YES_ERROR;
				GCC_WARN_UNDECLARED_SELECTOR = YES;
				GCC_WARN_UNINITIALIZED_AUTOS = YES_AGGRESSIVE;
				GCC_WARN_UNUSED_FUNCTION = YES;
				GCC_WARN_UNUSED_VARIABLE = YES;
				IPHONEOS_DEPLOYMENT_TARGET = 16.2;
				MTL_ENABLE_DEBUG_INFO = INCLUDE_SOURCE;
				MTL_FAST_MATH = YES;
				ONLY_ACTIVE_ARCH = YES;
				SDKROOT = iphoneos;
				SWIFT_ACTIVE_COMPILATION_CONDITIONS = DEBUG;
				SWIFT_OPTIMIZATION_LEVEL = "-Onone";
			};
			name = Debug;
		};
		62EA666B2A56DB9200226045 /* Release */ = {
			isa = XCBuildConfiguration;
			buildSettings = {
				ALWAYS_SEARCH_USER_PATHS = NO;
				CLANG_ANALYZER_NONNULL = YES;
				CLANG_ANALYZER_NUMBER_OBJECT_CONVERSION = YES_AGGRESSIVE;
				CLANG_CXX_LANGUAGE_STANDARD = "gnu++20";
				CLANG_ENABLE_MODULES = YES;
				CLANG_ENABLE_OBJC_ARC = YES;
				CLANG_ENABLE_OBJC_WEAK = YES;
				CLANG_WARN_BLOCK_CAPTURE_AUTORELEASING = YES;
				CLANG_WARN_BOOL_CONVERSION = YES;
				CLANG_WARN_COMMA = YES;
				CLANG_WARN_CONSTANT_CONVERSION = YES;
				CLANG_WARN_DEPRECATED_OBJC_IMPLEMENTATIONS = YES;
				CLANG_WARN_DIRECT_OBJC_ISA_USAGE = YES_ERROR;
				CLANG_WARN_DOCUMENTATION_COMMENTS = YES;
				CLANG_WARN_EMPTY_BODY = YES;
				CLANG_WARN_ENUM_CONVERSION = YES;
				CLANG_WARN_INFINITE_RECURSION = YES;
				CLANG_WARN_INT_CONVERSION = YES;
				CLANG_WARN_NON_LITERAL_NULL_CONVERSION = YES;
				CLANG_WARN_OBJC_IMPLICIT_RETAIN_SELF = YES;
				CLANG_WARN_OBJC_LITERAL_CONVERSION = YES;
				CLANG_WARN_OBJC_ROOT_CLASS = YES_ERROR;
				CLANG_WARN_QUOTED_INCLUDE_IN_FRAMEWORK_HEADER = YES;
				CLANG_WARN_RANGE_LOOP_ANALYSIS = YES;
				CLANG_WARN_STRICT_PROTOTYPES = YES;
				CLANG_WARN_SUSPICIOUS_MOVE = YES;
				CLANG_WARN_UNGUARDED_AVAILABILITY = YES_AGGRESSIVE;
				CLANG_WARN_UNREACHABLE_CODE = YES;
				CLANG_WARN__DUPLICATE_METHOD_MATCH = YES;
				COPY_PHASE_STRIP = NO;
				DEBUG_INFORMATION_FORMAT = "dwarf-with-dsym";
				ENABLE_NS_ASSERTIONS = NO;
				ENABLE_STRICT_OBJC_MSGSEND = YES;
				GCC_C_LANGUAGE_STANDARD = gnu11;
				GCC_NO_COMMON_BLOCKS = YES;
				GCC_WARN_64_TO_32_BIT_CONVERSION = YES;
				GCC_WARN_ABOUT_RETURN_TYPE = YES_ERROR;
				GCC_WARN_UNDECLARED_SELECTOR = YES;
				GCC_WARN_UNINITIALIZED_AUTOS = YES_AGGRESSIVE;
				GCC_WARN_UNUSED_FUNCTION = YES;
				GCC_WARN_UNUSED_VARIABLE = YES;
				IPHONEOS_DEPLOYMENT_TARGET = 16.2;
				MTL_ENABLE_DEBUG_INFO = NO;
				MTL_FAST_MATH = YES;
				SDKROOT = iphoneos;
				SWIFT_COMPILATION_MODE = wholemodule;
				SWIFT_OPTIMIZATION_LEVEL = "-O";
				VALIDATE_PRODUCT = YES;
			};
			name = Release;
		};
		62EA666D2A56DB9200226045 /* Debug */ = {
			isa = XCBuildConfiguration;
			buildSettings = {
				ASSETCATALOG_COMPILER_APPICON_NAME = AppIcon;
				ASSETCATALOG_COMPILER_GLOBAL_ACCENT_COLOR_NAME = AccentColor;
				CODE_SIGN_STYLE = Automatic;
				CURRENT_PROJECT_VERSION = 1;
				DEVELOPMENT_ASSET_PATHS = "\"SwiftUIMapApp/Preview Content\"";
				DEVELOPMENT_TEAM = YFB7HBGBYP;
				ENABLE_PREVIEWS = YES;
				GENERATE_INFOPLIST_FILE = YES;
				INFOPLIST_KEY_UIApplicationSceneManifest_Generation = YES;
				INFOPLIST_KEY_UIApplicationSupportsIndirectInputEvents = YES;
				INFOPLIST_KEY_UILaunchScreen_Generation = YES;
				INFOPLIST_KEY_UISupportedInterfaceOrientations_iPad = "UIInterfaceOrientationPortrait UIInterfaceOrientationPortraitUpsideDown UIInterfaceOrientationLandscapeLeft UIInterfaceOrientationLandscapeRight";
				INFOPLIST_KEY_UISupportedInterfaceOrientations_iPhone = "UIInterfaceOrientationPortrait UIInterfaceOrientationLandscapeLeft UIInterfaceOrientationLandscapeRight";
				LD_RUNPATH_SEARCH_PATHS = (
					"$(inherited)",
					"@executable_path/Frameworks",
				);
				MARKETING_VERSION = 1.0;
				PRODUCT_BUNDLE_IDENTIFIER = me.aewol.lee.SwiftUIMapApp;
				PRODUCT_NAME = "$(TARGET_NAME)";
				SWIFT_EMIT_LOC_STRINGS = YES;
				SWIFT_VERSION = 5.0;
				TARGETED_DEVICE_FAMILY = "1,2";
			};
			name = Debug;
		};
		62EA666E2A56DB9200226045 /* Release */ = {
			isa = XCBuildConfiguration;
			buildSettings = {
				ASSETCATALOG_COMPILER_APPICON_NAME = AppIcon;
				ASSETCATALOG_COMPILER_GLOBAL_ACCENT_COLOR_NAME = AccentColor;
				CODE_SIGN_STYLE = Automatic;
				CURRENT_PROJECT_VERSION = 1;
				DEVELOPMENT_ASSET_PATHS = "\"SwiftUIMapApp/Preview Content\"";
				DEVELOPMENT_TEAM = YFB7HBGBYP;
				ENABLE_PREVIEWS = YES;
				GENERATE_INFOPLIST_FILE = YES;
				INFOPLIST_KEY_UIApplicationSceneManifest_Generation = YES;
				INFOPLIST_KEY_UIApplicationSupportsIndirectInputEvents = YES;
				INFOPLIST_KEY_UILaunchScreen_Generation = YES;
				INFOPLIST_KEY_UISupportedInterfaceOrientations_iPad = "UIInterfaceOrientationPortrait UIInterfaceOrientationPortraitUpsideDown UIInterfaceOrientationLandscapeLeft UIInterfaceOrientationLandscapeRight";
				INFOPLIST_KEY_UISupportedInterfaceOrientations_iPhone = "UIInterfaceOrientationPortrait UIInterfaceOrientationLandscapeLeft UIInterfaceOrientationLandscapeRight";
				LD_RUNPATH_SEARCH_PATHS = (
					"$(inherited)",
					"@executable_path/Frameworks",
				);
				MARKETING_VERSION = 1.0;
				PRODUCT_BUNDLE_IDENTIFIER = me.aewol.lee.SwiftUIMapApp;
				PRODUCT_NAME = "$(TARGET_NAME)";
				SWIFT_EMIT_LOC_STRINGS = YES;
				SWIFT_VERSION = 5.0;
				TARGETED_DEVICE_FAMILY = "1,2";
			};
			name = Release;
		};
/* End XCBuildConfiguration section */

/* Begin XCConfigurationList section */
		62EA66592A56DB9100226045 /* Build configuration list for PBXProject "SwiftUIMapApp" */ = {
			isa = XCConfigurationList;
			buildConfigurations = (
				62EA666A2A56DB9200226045 /* Debug */,
				62EA666B2A56DB9200226045 /* Release */,
			);
			defaultConfigurationIsVisible = 0;
			defaultConfigurationName = Release;
		};
		62EA666C2A56DB9200226045 /* Build configuration list for PBXNativeTarget "SwiftUIMapApp" */ = {
			isa = XCConfigurationList;
			buildConfigurations = (
				62EA666D2A56DB9200226045 /* Debug */,
				62EA666E2A56DB9200226045 /* Release */,
			);
			defaultConfigurationIsVisible = 0;
			defaultConfigurationName = Release;
		};
/* End XCConfigurationList section */
	};
	rootObject = 62EA66562A56DB9100226045 /* Project object */;
}
